
Microsoft Visual Studio Solution File, Format Version 12.00
# Visual Studio Version 17
VisualStudioVersion = 17.4.33213.308
MinimumVisualStudioVersion = 10.0.40219.1
Project("{FAE04EC0-301F-11D3-BF4B-00C04F79EFBC}") = "exemple project", "exemple project\exemple project.csproj", "{0D453FDD-226F-4BBB-B71C-47D10BA3F24B}"
EndProject
Global
	GlobalSection(SolutionConfigurationPlatforms) = preSolution
		Debug|Any CPU = Debug|Any CPU
		Release|Any CPU = Release|Any CPU
	EndGlobalSection
	GlobalSection(ProjectConfigurationPlatforms) = postSolution
		{0D453FDD-226F-4BBB-B71C-47D10BA3F24B}.Debug|Any CPU.ActiveCfg = Debug|Any CPU
		{0D453FDD-226F-4BBB-B71C-47D10BA3F24B}.Debug|Any CPU.Build.0 = Debug|Any CPU
		{0D453FDD-226F-4BBB-B71C-47D10BA3F24B}.Release|Any CPU.ActiveCfg = Release|Any CPU
		{0D453FDD-226F-4BBB-B71C-47D10BA3F24B}.Release|Any CPU.Build.0 = Release|Any CPU
	EndGlobalSection
	GlobalSection(SolutionProperties) = preSolution
		HideSolutionNode = FALSE
	EndGlobalSection
	GlobalSection(ExtensibilityGlobals) = postSolution
		SolutionGuid = {C99A7EDC-9E38-4168-AAB2-8AE216D5255C}
	EndGlobalSection
EndGlobal
